// !$*UTF8*$!
{
	archiveVersion = 1;
	classes = {
	};
	objectVersion = 50;
	objects = {

/* Begin PBXBuildFile section */
		789B494D21B7A12400E502D9 /* LeagueViewController.swift in Sources */ = {isa = PBXBuildFile; fileRef = 789B494C21B7A12400E502D9 /* LeagueViewController.swift */; };
		789B494F21B7A13300E502D9 /* SkillViewController.swift in Sources */ = {isa = PBXBuildFile; fileRef = 789B494E21B7A13300E502D9 /* SkillViewController.swift */; };
		789B495121B7A7C900E502D9 /* Player.swift in Sources */ = {isa = PBXBuildFile; fileRef = 789B495021B7A7C900E502D9 /* Player.swift */; };
		78CEE58D215B0A7900F5E5AF /* AppDelegate.swift in Sources */ = {isa = PBXBuildFile; fileRef = 78CEE58C215B0A7900F5E5AF /* AppDelegate.swift */; };
		78CEE58F215B0A7900F5E5AF /* WelcomeViewController.swift in Sources */ = {isa = PBXBuildFile; fileRef = 78CEE58E215B0A7900F5E5AF /* WelcomeViewController.swift */; };
		78CEE592215B0A7900F5E5AF /* Main.storyboard in Resources */ = {isa = PBXBuildFile; fileRef = 78CEE590215B0A7900F5E5AF /* Main.storyboard */; };
		78CEE594215B0A7A00F5E5AF /* Assets.xcassets in Resources */ = {isa = PBXBuildFile; fileRef = 78CEE593215B0A7A00F5E5AF /* Assets.xcassets */; };
		78CEE597215B0A7A00F5E5AF /* LaunchScreen.storyboard in Resources */ = {isa = PBXBuildFile; fileRef = 78CEE595215B0A7A00F5E5AF /* LaunchScreen.storyboard */; };
		78CEE5A0215B0F0200F5E5AF /* BorderButton.swift in Sources */ = {isa = PBXBuildFile; fileRef = 78CEE59F215B0F0200F5E5AF /* BorderButton.swift */; };
/* End PBXBuildFile section */

/* Begin PBXFileReference section */
		789B494C21B7A12400E502D9 /* LeagueViewController.swift */ = {isa = PBXFileReference; lastKnownFileType = sourcecode.swift; path = LeagueViewController.swift; sourceTree = "<group>"; };
		789B494E21B7A13300E502D9 /* SkillViewController.swift */ = {isa = PBXFileReference; lastKnownFileType = sourcecode.swift; path = SkillViewController.swift; sourceTree = "<group>"; };
		789B495021B7A7C900E502D9 /* Player.swift */ = {isa = PBXFileReference; lastKnownFileType = sourcecode.swift; path = Player.swift; sourceTree = "<group>"; };
		78CEE589215B0A7900F5E5AF /* app-swoosh.app */ = {isa = PBXFileReference; explicitFileType = wrapper.application; includeInIndex = 0; path = "app-swoosh.app"; sourceTree = BUILT_PRODUCTS_DIR; };
		78CEE58C215B0A7900F5E5AF /* AppDelegate.swift */ = {isa = PBXFileReference; lastKnownFileType = sourcecode.swift; path = AppDelegate.swift; sourceTree = "<group>"; };
		78CEE58E215B0A7900F5E5AF /* WelcomeViewController.swift */ = {isa = PBXFileReference; lastKnownFileType = sourcecode.swift; path = WelcomeViewController.swift; sourceTree = "<group>"; };
		78CEE591215B0A7900F5E5AF /* Base */ = {isa = PBXFileReference; lastKnownFileType = file.storyboard; name = Base; path = Base.lproj/Main.storyboard; sourceTree = "<group>"; };
		78CEE593215B0A7A00F5E5AF /* Assets.xcassets */ = {isa = PBXFileReference; lastKnownFileType = folder.assetcatalog; path = Assets.xcassets; sourceTree = "<group>"; };
		78CEE596215B0A7A00F5E5AF /* Base */ = {isa = PBXFileReference; lastKnownFileType = file.storyboard; name = Base; path = Base.lproj/LaunchScreen.storyboard; sourceTree = "<group>"; };
		78CEE598215B0A7A00F5E5AF /* Info.plist */ = {isa = PBXFileReference; lastKnownFileType = text.plist.xml; path = Info.plist; sourceTree = "<group>"; };
		78CEE59F215B0F0200F5E5AF /* BorderButton.swift */ = {isa = PBXFileReference; lastKnownFileType = sourcecode.swift; path = BorderButton.swift; sourceTree = "<group>"; };
/* End PBXFileReference section */

/* Begin PBXFrameworksBuildPhase section */
		78CEE586215B0A7900F5E5AF /* Frameworks */ = {
			isa = PBXFrameworksBuildPhase;
			buildActionMask = 2147483647;
			files = (
			);
			runOnlyForDeploymentPostprocessing = 0;
		};
/* End PBXFrameworksBuildPhase section */

/* Begin PBXGroup section */
		789B494A21B7A07D00E502D9 /* Controller */ = {
			isa = PBXGroup;
			children = (
				78CEE58E215B0A7900F5E5AF /* WelcomeViewController.swift */,
				789B494C21B7A12400E502D9 /* LeagueViewController.swift */,
				789B494E21B7A13300E502D9 /* SkillViewController.swift */,
			);
			path = Controller;
			sourceTree = "<group>";
		};
		789B494B21B7A08700E502D9 /* Model */ = {
			isa = PBXGroup;
			children = (
				789B495021B7A7C900E502D9 /* Player.swift */,
			);
			path = Model;
			sourceTree = "<group>";
		};
		78CEE580215B0A7900F5E5AF = {
			isa = PBXGroup;
			children = (
				78CEE58B215B0A7900F5E5AF /* app-swoosh */,
				78CEE58A215B0A7900F5E5AF /* Products */,
			);
			sourceTree = "<group>";
		};
		78CEE58A215B0A7900F5E5AF /* Products */ = {
			isa = PBXGroup;
			children = (
				78CEE589215B0A7900F5E5AF /* app-swoosh.app */,
			);
			name = Products;
			sourceTree = "<group>";
		};
		78CEE58B215B0A7900F5E5AF /* app-swoosh */ = {
			isa = PBXGroup;
			children = (
				789B494B21B7A08700E502D9 /* Model */,
				789B494A21B7A07D00E502D9 /* Controller */,
				78CEE59E215B0EB900F5E5AF /* View */,
				78CEE58C215B0A7900F5E5AF /* AppDelegate.swift */,
				78CEE590215B0A7900F5E5AF /* Main.storyboard */,
				78CEE593215B0A7A00F5E5AF /* Assets.xcassets */,
				78CEE595215B0A7A00F5E5AF /* LaunchScreen.storyboard */,
				78CEE598215B0A7A00F5E5AF /* Info.plist */,
			);
			path = "app-swoosh";
			sourceTree = "<group>";
		};
		78CEE59E215B0EB900F5E5AF /* View */ = {
			isa = PBXGroup;
			children = (
				78CEE59F215B0F0200F5E5AF /* BorderButton.swift */,
			);
			path = View;
			sourceTree = "<group>";
		};
/* End PBXGroup section */

/* Begin PBXNativeTarget section */
		78CEE588215B0A7900F5E5AF /* app-swoosh */ = {
			isa = PBXNativeTarget;
			buildConfigurationList = 78CEE59B215B0A7A00F5E5AF /* Build configuration list for PBXNativeTarget "app-swoosh" */;
			buildPhases = (
				78CEE585215B0A7900F5E5AF /* Sources */,
				78CEE586215B0A7900F5E5AF /* Frameworks */,
				78CEE587215B0A7900F5E5AF /* Resources */,
			);
			buildRules = (
			);
			dependencies = (
			);
			name = "app-swoosh";
			productName = "app-swoosh";
			productReference = 78CEE589215B0A7900F5E5AF /* app-swoosh.app */;
			productType = "com.apple.product-type.application";
		};
/* End PBXNativeTarget section */

/* Begin PBXProject section */
		78CEE581215B0A7900F5E5AF /* Project object */ = {
			isa = PBXProject;
			attributes = {
				LastSwiftUpdateCheck = 1000;
				LastUpgradeCheck = 1000;
				ORGANIZATIONNAME = "TL Dev";
				TargetAttributes = {
					78CEE588215B0A7900F5E5AF = {
						CreatedOnToolsVersion = 10.0;
					};
				};
			};
			buildConfigurationList = 78CEE584215B0A7900F5E5AF /* Build configuration list for PBXProject "app-swoosh" */;
			compatibilityVersion = "Xcode 9.3";
			developmentRegion = en;
			hasScannedForEncodings = 0;
			knownRegions = (
				en,
				Base,
			);
			mainGroup = 78CEE580215B0A7900F5E5AF;
			productRefGroup = 78CEE58A215B0A7900F5E5AF /* Products */;
			projectDirPath = "";
			projectRoot = "";
			targets = (
				78CEE588215B0A7900F5E5AF /* app-swoosh */,
			);
		};
/* End PBXProject section */

/* Begin PBXResourcesBuildPhase section */
		78CEE587215B0A7900F5E5AF /* Resources */ = {
			isa = PBXResourcesBuildPhase;
			buildActionMask = 2147483647;
			files = (
				78CEE597215B0A7A00F5E5AF /* LaunchScreen.storyboard in Resources */,
				78CEE594215B0A7A00F5E5AF /* Assets.xcassets in Resources */,
				78CEE592215B0A7900F5E5AF /* Main.storyboard in Resources */,
			);
			runOnlyForDeploymentPostprocessing = 0;
		};
/* End PBXResourcesBuildPhase section */

/* Begin PBXSourcesBuildPhase section */
		78CEE585215B0A7900F5E5AF /* Sources */ = {
			isa = PBXSourcesBuildPhase;
			buildActionMask = 2147483647;
			files = (
				78CEE58F215B0A7900F5E5AF /* WelcomeViewController.swift in Sources */,
				78CEE58D215B0A7900F5E5AF /* AppDelegate.swift in Sources */,
				789B494F21B7A13300E502D9 /* SkillViewController.swift in Sources */,
				78CEE5A0215B0F0200F5E5AF /* BorderButton.swift in Sources */,
				789B495121B7A7C900E502D9 /* Player.swift in Sources */,
				789B494D21B7A12400E502D9 /* LeagueViewController.swift in Sources */,
			);
			runOnlyForDeploymentPostprocessing = 0;
		};
/* End PBXSourcesBuildPhase section */

/* Begin PBXVariantGroup section */
		78CEE590215B0A7900F5E5AF /* Main.storyboard */ = {
			isa = PBXVariantGroup;
			children = (
				78CEE591215B0A7900F5E5AF /* Base */,
			);
			name = Main.storyboard;
			sourceTree = "<group>";
		};
		78CEE595215B0A7A00F5E5AF /* LaunchScreen.storyboard */ = {
			isa = PBXVariantGroup;
			children = (
				78CEE596215B0A7A00F5E5AF /* Base */,
			);
			name = LaunchScreen.storyboard;
			sourceTree = "<group>";
		};
/* End PBXVariantGroup section */

/* Begin XCBuildConfiguration section */
		78CEE599215B0A7A00F5E5AF /* Debug */ = {
			isa = XCBuildConfiguration;
			buildSettings = {
				ALWAYS_SEARCH_USER_PATHS = NO;
				CLANG_ANALYZER_NONNULL = YES;
				CLANG_ANALYZER_NUMBER_OBJECT_CONVERSION = YES_AGGRESSIVE;
				CLANG_CXX_LANGUAGE_STANDARD = "gnu++14";
				CLANG_CXX_LIBRARY = "libc++";
				CLANG_ENABLE_MODULES = YES;
				CLANG_ENABLE_OBJC_ARC = YES;
				CLANG_ENABLE_OBJC_WEAK = YES;
				CLANG_WARN_BLOCK_CAPTURE_AUTORELEASING = YES;
				CLANG_WARN_BOOL_CONVERSION = YES;
				CLANG_WARN_COMMA = YES;
				CLANG_WARN_CONSTANT_CONVERSION = YES;
				CLANG_WARN_DEPRECATED_OBJC_IMPLEMENTATIONS = YES;
				CLANG_WARN_DIRECT_OBJC_ISA_USAGE = YES_ERROR;
				CLANG_WARN_DOCUMENTATION_COMMENTS = YES;
				CLANG_WARN_EMPTY_BODY = YES;
				CLANG_WARN_ENUM_CONVERSION = YES;
				CLANG_WARN_INFINITE_RECURSION = YES;
				CLANG_WARN_INT_CONVERSION = YES;
				CLANG_WARN_NON_LITERAL_NULL_CONVERSION = YES;
				CLANG_WARN_OBJC_IMPLICIT_RETAIN_SELF = YES;
				CLANG_WARN_OBJC_LITERAL_CONVERSION = YES;
				CLANG_WARN_OBJC_ROOT_CLASS = YES_ERROR;
				CLANG_WARN_RANGE_LOOP_ANALYSIS = YES;
				CLANG_WARN_STRICT_PROTOTYPES = YES;
				CLANG_WARN_SUSPICIOUS_MOVE = YES;
				CLANG_WARN_UNGUARDED_AVAILABILITY = YES_AGGRESSIVE;
				CLANG_WARN_UNREACHABLE_CODE = YES;
				CLANG_WARN__DUPLICATE_METHOD_MATCH = YES;
				CODE_SIGN_IDENTITY = "iPhone Developer";
				COPY_PHASE_STRIP = NO;
				DEBUG_INFORMATION_FORMAT = dwarf;
				ENABLE_STRICT_OBJC_MSGSEND = YES;
				ENABLE_TESTABILITY = YES;
				GCC_C_LANGUAGE_STANDARD = gnu11;
				GCC_DYNAMIC_NO_PIC = NO;
				GCC_NO_COMMON_BLOCKS = YES;
				GCC_OPTIMIZATION_LEVEL = 0;
				GCC_PREPROCESSOR_DEFINITIONS = (
					"DEBUG=1",
					"$(inherited)",
				);
				GCC_WARN_64_TO_32_BIT_CONVERSION = YES;
				GCC_WARN_ABOUT_RETURN_TYPE = YES_ERROR;
				GCC_WARN_UNDECLARED_SELECTOR = YES;
				GCC_WARN_UNINITIALIZED_AUTOS = YES_AGGRESSIVE;
				GCC_WARN_UNUSED_FUNCTION = YES;
				GCC_WARN_UNUSED_VARIABLE = YES;
				IPHONEOS_DEPLOYMENT_TARGET = 12.0;
				MTL_ENABLE_DEBUG_INFO = INCLUDE_SOURCE;
				MTL_FAST_MATH = YES;
				ONLY_ACTIVE_ARCH = YES;
				SDKROOT = iphoneos;
				SWIFT_ACTIVE_COMPILATION_CONDITIONS = DEBUG;
				SWIFT_OPTIMIZATION_LEVEL = "-Onone";
			};
			name = Debug;
		};
		78CEE59A215B0A7A00F5E5AF /* Release */ = {
			isa = XCBuildConfiguration;
			buildSettings = {
				ALWAYS_SEARCH_USER_PATHS = NO;
				CLANG_ANALYZER_NONNULL = YES;
				CLANG_ANALYZER_NUMBER_OBJECT_CONVERSION = YES_AGGRESSIVE;
				CLANG_CXX_LANGUAGE_STANDARD = "gnu++14";
				CLANG_CXX_LIBRARY = "libc++";
				CLANG_ENABLE_MODULES = YES;
				CLANG_ENABLE_OBJC_ARC = YES;
				CLANG_ENABLE_OBJC_WEAK = YES;
				CLANG_WARN_BLOCK_CAPTURE_AUTORELEASING = YES;
				CLANG_WARN_BOOL_CONVERSION = YES;
				CLANG_WARN_COMMA = YES;
				CLANG_WARN_CONSTANT_CONVERSION = YES;
				CLANG_WARN_DEPRECATED_OBJC_IMPLEMENTATIONS = YES;
				CLANG_WARN_DIRECT_OBJC_ISA_USAGE = YES_ERROR;
				CLANG_WARN_DOCUMENTATION_COMMENTS = YES;
				CLANG_WARN_EMPTY_BODY = YES;
				CLANG_WARN_ENUM_CONVERSION = YES;
				CLANG_WARN_INFINITE_RECURSION = YES;
				CLANG_WARN_INT_CONVERSION = YES;
				CLANG_WARN_NON_LITERAL_NULL_CONVERSION = YES;
				CLANG_WARN_OBJC_IMPLICIT_RETAIN_SELF = YES;
				CLANG_WARN_OBJC_LITERAL_CONVERSION = YES;
				CLANG_WARN_OBJC_ROOT_CLASS = YES_ERROR;
				CLANG_WARN_RANGE_LOOP_ANALYSIS = YES;
				CLANG_WARN_STRICT_PROTOTYPES = YES;
				CLANG_WARN_SUSPICIOUS_MOVE = YES;
				CLANG_WARN_UNGUARDED_AVAILABILITY = YES_AGGRESSIVE;
				CLANG_WARN_UNREACHABLE_CODE = YES;
				CLANG_WARN__DUPLICATE_METHOD_MATCH = YES;
				CODE_SIGN_IDENTITY = "iPhone Developer";
				COPY_PHASE_STRIP = NO;
				DEBUG_INFORMATION_FORMAT = "dwarf-with-dsym";
				ENABLE_NS_ASSERTIONS = NO;
				ENABLE_STRICT_OBJC_MSGSEND = YES;
				GCC_C_LANGUAGE_STANDARD = gnu11;
				GCC_NO_COMMON_BLOCKS = YES;
				GCC_WARN_64_TO_32_BIT_CONVERSION = YES;
				GCC_WARN_ABOUT_RETURN_TYPE = YES_ERROR;
				GCC_WARN_UNDECLARED_SELECTOR = YES;
				GCC_WARN_UNINITIALIZED_AUTOS = YES_AGGRESSIVE;
				GCC_WARN_UNUSED_FUNCTION = YES;
				GCC_WARN_UNUSED_VARIABLE = YES;
				IPHONEOS_DEPLOYMENT_TARGET = 12.0;
				MTL_ENABLE_DEBUG_INFO = NO;
				MTL_FAST_MATH = YES;
				SDKROOT = iphoneos;
				SWIFT_COMPILATION_MODE = wholemodule;
				SWIFT_OPTIMIZATION_LEVEL = "-O";
				VALIDATE_PRODUCT = YES;
			};
			name = Release;
		};
		78CEE59C215B0A7A00F5E5AF /* Debug */ = {
			isa = XCBuildConfiguration;
			buildSettings = {
				ASSETCATALOG_COMPILER_APPICON_NAME = AppIcon;
				CODE_SIGN_STYLE = Automatic;
				DEVELOPMENT_TEAM = S7PSDDTY4V;
				INFOPLIST_FILE = "app-swoosh/Info.plist";
				LD_RUNPATH_SEARCH_PATHS = (
					"$(inherited)",
					"@executable_path/Frameworks",
				);
				PRODUCT_BUNDLE_IDENTIFIER = "com.tldev.app-swoosh";
				PRODUCT_NAME = "$(TARGET_NAME)";
				SWIFT_VERSION = 4.2;
				TARGETED_DEVICE_FAMILY = "1,2";
			};
			name = Debug;
		};
		78CEE59D215B0A7A00F5E5AF /* Release */ = {
			isa = XCBuildConfiguration;
			buildSettings = {
				ASSETCATALOG_COMPILER_APPICON_NAME = AppIcon;
				CODE_SIGN_STYLE = Automatic;
				DEVELOPMENT_TEAM = S7PSDDTY4V;
				INFOPLIST_FILE = "app-swoosh/Info.plist";
				LD_RUNPATH_SEARCH_PATHS = (
					"$(inherited)",
					"@executable_path/Frameworks",
				);
				PRODUCT_BUNDLE_IDENTIFIER = "com.tldev.app-swoosh";
				PRODUCT_NAME = "$(TARGET_NAME)";
				SWIFT_VERSION = 4.2;
				TARGETED_DEVICE_FAMILY = "1,2";
			};
			name = Release;
		};
/* End XCBuildConfiguration section */

/* Begin XCConfigurationList section */
		78CEE584215B0A7900F5E5AF /* Build configuration list for PBXProject "app-swoosh" */ = {
			isa = XCConfigurationList;
			buildConfigurations = (
				78CEE599215B0A7A00F5E5AF /* Debug */,
				78CEE59A215B0A7A00F5E5AF /* Release */,
			);
			defaultConfigurationIsVisible = 0;
			defaultConfigurationName = Release;
		};
		78CEE59B215B0A7A00F5E5AF /* Build configuration list for PBXNativeTarget "app-swoosh" */ = {
			isa = XCConfigurationList;
			buildConfigurations = (
				78CEE59C215B0A7A00F5E5AF /* Debug */,
				78CEE59D215B0A7A00F5E5AF /* Release */,
			);
			defaultConfigurationIsVisible = 0;
			defaultConfigurationName = Release;
		};
/* End XCConfigurationList section */
	};
	rootObject = 78CEE581215B0A7900F5E5AF /* Project object */;
}
